// !$*UTF8*$!
{
	archiveVersion = 1;
	classes = {
	};
	objectVersion = 50;
	objects = {

/* Begin PBXBuildFile section */
		141F2BCD207F504E00DC01CB /* AppDelegate.swift in Sources */ = {isa = PBXBuildFile; fileRef = 141F2BCC207F504E00DC01CB /* AppDelegate.swift */; };
		141F2BCF207F504E00DC01CB /* MainViewController.swift in Sources */ = {isa = PBXBuildFile; fileRef = 141F2BCE207F504E00DC01CB /* MainViewController.swift */; };
		141F2BD2207F504E00DC01CB /* Main.storyboard in Resources */ = {isa = PBXBuildFile; fileRef = 141F2BD0207F504E00DC01CB /* Main.storyboard */; };
		141F2BD7207F505700DC01CB /* LaunchScreen.storyboard in Resources */ = {isa = PBXBuildFile; fileRef = 141F2BD5207F505700DC01CB /* LaunchScreen.storyboard */; };
		141F2C2A20805D7B00DC01CB /* HomeViewController.swift in Sources */ = {isa = PBXBuildFile; fileRef = 141F2C2920805D7B00DC01CB /* HomeViewController.swift */; };
		141F2C2C20805D9500DC01CB /* CategoryViewController.swift in Sources */ = {isa = PBXBuildFile; fileRef = 141F2C2B20805D9500DC01CB /* CategoryViewController.swift */; };
		141F2C2E20805DA500DC01CB /* CartViewController.swift in Sources */ = {isa = PBXBuildFile; fileRef = 141F2C2D20805DA500DC01CB /* CartViewController.swift */; };
		141F2C3020805DAF00DC01CB /* MineViewController.swift in Sources */ = {isa = PBXBuildFile; fileRef = 141F2C2F20805DAF00DC01CB /* MineViewController.swift */; };
		147D7BCE2087231C00C43240 /* ProtocolUser.swift in Sources */ = {isa = PBXBuildFile; fileRef = 147D7BCD2087231C00C43240 /* ProtocolUser.swift */; };
		14D3714D2084B3C20012670F /* Utility.swift in Sources */ = {isa = PBXBuildFile; fileRef = 14D3714C2084B3C20012670F /* Utility.swift */; };
		14D8FE1620885909000BB672 /* Register.storyboard in Resources */ = {isa = PBXBuildFile; fileRef = 14D8FE1420885909000BB672 /* Register.storyboard */; };
		14D8FE1820885925000BB672 /* RegisterViewController.swift in Sources */ = {isa = PBXBuildFile; fileRef = 14D8FE1720885925000BB672 /* RegisterViewController.swift */; };
		14D8FE1B20887BE7000BB672 /* Protocol.storyboard in Resources */ = {isa = PBXBuildFile; fileRef = 14D8FE1920887BE7000BB672 /* Protocol.storyboard */; };
		14D8FE1D20887D24000BB672 /* ProtocolViewController.swift in Sources */ = {isa = PBXBuildFile; fileRef = 14D8FE1C20887D24000BB672 /* ProtocolViewController.swift */; };
		14D8FE2320888113000BB672 /* Forgot.storyboard in Resources */ = {isa = PBXBuildFile; fileRef = 14D8FE2120888112000BB672 /* Forgot.storyboard */; };
		14D8FE252088812E000BB672 /* ForgotViewController.swift in Sources */ = {isa = PBXBuildFile; fileRef = 14D8FE242088812E000BB672 /* ForgotViewController.swift */; };
		14D8FE42208A0546000BB672 /* MyApp.swift in Sources */ = {isa = PBXBuildFile; fileRef = 14D8FE41208A0546000BB672 /* MyApp.swift */; };
		14DA99E22080AFEC00D3BDDD /* AutoPageScroll.swift in Sources */ = {isa = PBXBuildFile; fileRef = 14DA99E12080AFEC00D3BDDD /* AutoPageScroll.swift */; };
		14F711382086F68B000A556D /* Login.storyboard in Resources */ = {isa = PBXBuildFile; fileRef = 14F711362086F68B000A556D /* Login.storyboard */; };
		14F7113A20870864000A556D /* LoginViewController.swift in Sources */ = {isa = PBXBuildFile; fileRef = 14F7113920870864000A556D /* LoginViewController.swift */; };
		14FE0991208D86800020C942 /* Localizable.strings in Resources */ = {isa = PBXBuildFile; fileRef = 14FE0993208D86800020C942 /* Localizable.strings */; };
		14FE0997208DBCF10020C942 /* About.storyboard in Resources */ = {isa = PBXBuildFile; fileRef = 14FE0995208DBCF10020C942 /* About.storyboard */; };
		14FE0999208DCD910020C942 /* AboutViewController.swift in Sources */ = {isa = PBXBuildFile; fileRef = 14FE0998208DCD910020C942 /* AboutViewController.swift */; };
		14FE099E208DE01D0020C942 /* WebsiteViewController.swift in Sources */ = {isa = PBXBuildFile; fileRef = 14FE099D208DE01D0020C942 /* WebsiteViewController.swift */; };
		14FE09CA20944D7A0020C942 /* Assets.xcassets in Resources */ = {isa = PBXBuildFile; fileRef = 14FE09C920944D7A0020C942 /* Assets.xcassets */; };
		14FE09CC20946EE70020C942 /* HttpHelper.swift in Sources */ = {isa = PBXBuildFile; fileRef = 14FE09CB20946EE70020C942 /* HttpHelper.swift */; };
		14FE09CE209470180020C942 /* JsonHelper.swift in Sources */ = {isa = PBXBuildFile; fileRef = 14FE09CD209470180020C942 /* JsonHelper.swift */; };
/* End PBXBuildFile section */

/* Begin PBXFileReference section */
		141F2BC9207F504E00DC01CB /* satoshi.app */ = {isa = PBXFileReference; explicitFileType = wrapper.application; includeInIndex = 0; path = satoshi.app; sourceTree = BUILT_PRODUCTS_DIR; };
		141F2BCC207F504E00DC01CB /* AppDelegate.swift */ = {isa = PBXFileReference; lastKnownFileType = sourcecode.swift; path = AppDelegate.swift; sourceTree = "<group>"; };
		141F2BCE207F504E00DC01CB /* MainViewController.swift */ = {isa = PBXFileReference; lastKnownFileType = sourcecode.swift; path = MainViewController.swift; sourceTree = "<group>"; };
		141F2BD1207F504E00DC01CB /* Base */ = {isa = PBXFileReference; lastKnownFileType = file.storyboard; name = Base; path = Base.lproj/Main.storyboard; sourceTree = "<group>"; };
		141F2BD6207F505700DC01CB /* Base */ = {isa = PBXFileReference; lastKnownFileType = file.storyboard; name = Base; path = Base.lproj/LaunchScreen.storyboard; sourceTree = "<group>"; };
		141F2BD8207F505700DC01CB /* Info.plist */ = {isa = PBXFileReference; lastKnownFileType = text.plist.xml; path = Info.plist; sourceTree = "<group>"; };
		141F2C2920805D7B00DC01CB /* HomeViewController.swift */ = {isa = PBXFileReference; lastKnownFileType = sourcecode.swift; path = HomeViewController.swift; sourceTree = "<group>"; };
		141F2C2B20805D9500DC01CB /* CategoryViewController.swift */ = {isa = PBXFileReference; lastKnownFileType = sourcecode.swift; path = CategoryViewController.swift; sourceTree = "<group>"; };
		141F2C2D20805DA500DC01CB /* CartViewController.swift */ = {isa = PBXFileReference; lastKnownFileType = sourcecode.swift; path = CartViewController.swift; sourceTree = "<group>"; };
		141F2C2F20805DAF00DC01CB /* MineViewController.swift */ = {isa = PBXFileReference; lastKnownFileType = sourcecode.swift; path = MineViewController.swift; sourceTree = "<group>"; };
		147D7BCD2087231C00C43240 /* ProtocolUser.swift */ = {isa = PBXFileReference; lastKnownFileType = sourcecode.swift; path = ProtocolUser.swift; sourceTree = "<group>"; };
		14D3714C2084B3C20012670F /* Utility.swift */ = {isa = PBXFileReference; lastKnownFileType = sourcecode.swift; path = Utility.swift; sourceTree = "<group>"; };
		14D8FE1520885909000BB672 /* Base */ = {isa = PBXFileReference; lastKnownFileType = file.storyboard; name = Base; path = Base.lproj/Register.storyboard; sourceTree = "<group>"; };
		14D8FE1720885925000BB672 /* RegisterViewController.swift */ = {isa = PBXFileReference; lastKnownFileType = sourcecode.swift; path = RegisterViewController.swift; sourceTree = "<group>"; };
		14D8FE1A20887BE7000BB672 /* Base */ = {isa = PBXFileReference; lastKnownFileType = file.storyboard; name = Base; path = Base.lproj/Protocol.storyboard; sourceTree = "<group>"; };
		14D8FE1C20887D24000BB672 /* ProtocolViewController.swift */ = {isa = PBXFileReference; lastKnownFileType = sourcecode.swift; path = ProtocolViewController.swift; sourceTree = "<group>"; };
		14D8FE2220888112000BB672 /* Base */ = {isa = PBXFileReference; lastKnownFileType = file.storyboard; name = Base; path = Base.lproj/Forgot.storyboard; sourceTree = "<group>"; };
		14D8FE242088812E000BB672 /* ForgotViewController.swift */ = {isa = PBXFileReference; lastKnownFileType = sourcecode.swift; path = ForgotViewController.swift; sourceTree = "<group>"; };
		14D8FE41208A0546000BB672 /* MyApp.swift */ = {isa = PBXFileReference; lastKnownFileType = sourcecode.swift; path = MyApp.swift; sourceTree = "<group>"; };
		14DA99E12080AFEC00D3BDDD /* AutoPageScroll.swift */ = {isa = PBXFileReference; lastKnownFileType = sourcecode.swift; path = AutoPageScroll.swift; sourceTree = "<group>"; };
		14F711372086F68B000A556D /* Base */ = {isa = PBXFileReference; lastKnownFileType = file.storyboard; name = Base; path = Base.lproj/Login.storyboard; sourceTree = "<group>"; };
		14F7113920870864000A556D /* LoginViewController.swift */ = {isa = PBXFileReference; lastKnownFileType = sourcecode.swift; path = LoginViewController.swift; sourceTree = "<group>"; };
		14FE0989208D85C10020C942 /* zh-Hant */ = {isa = PBXFileReference; lastKnownFileType = text.plist.strings; name = "zh-Hant"; path = "zh-Hant.lproj/LaunchScreen.strings"; sourceTree = "<group>"; };
		14FE098A208D85C10020C942 /* zh-Hant */ = {isa = PBXFileReference; lastKnownFileType = text.plist.strings; name = "zh-Hant"; path = "zh-Hant.lproj/Main.strings"; sourceTree = "<group>"; };
		14FE098B208D85C10020C942 /* zh-Hant */ = {isa = PBXFileReference; lastKnownFileType = text.plist.strings; name = "zh-Hant"; path = "zh-Hant.lproj/Login.strings"; sourceTree = "<group>"; };
		14FE098C208D85C20020C942 /* zh-Hant */ = {isa = PBXFileReference; lastKnownFileType = text.plist.strings; name = "zh-Hant"; path = "zh-Hant.lproj/Register.strings"; sourceTree = "<group>"; };
		14FE098D208D85C20020C942 /* zh-Hant */ = {isa = PBXFileReference; lastKnownFileType = text.plist.strings; name = "zh-Hant"; path = "zh-Hant.lproj/Protocol.strings"; sourceTree = "<group>"; };
		14FE098E208D85C20020C942 /* zh-Hant */ = {isa = PBXFileReference; lastKnownFileType = text.plist.strings; name = "zh-Hant"; path = "zh-Hant.lproj/Forgot.strings"; sourceTree = "<group>"; };
		14FE0994208D87CA0020C942 /* Base */ = {isa = PBXFileReference; lastKnownFileType = text.plist.strings; name = Base; path = Base.lproj/Localizable.strings; sourceTree = "<group>"; };
		14FE0996208DBCF10020C942 /* Base */ = {isa = PBXFileReference; lastKnownFileType = file.storyboard; name = Base; path = Base.lproj/About.storyboard; sourceTree = "<group>"; };
		14FE0998208DCD910020C942 /* AboutViewController.swift */ = {isa = PBXFileReference; lastKnownFileType = sourcecode.swift; path = AboutViewController.swift; sourceTree = "<group>"; };
		14FE099D208DE01D0020C942 /* WebsiteViewController.swift */ = {isa = PBXFileReference; lastKnownFileType = sourcecode.swift; path = WebsiteViewController.swift; sourceTree = "<group>"; };
		14FE09C920944D7A0020C942 /* Assets.xcassets */ = {isa = PBXFileReference; lastKnownFileType = folder.assetcatalog; path = Assets.xcassets; sourceTree = "<group>"; };
		14FE09CB20946EE70020C942 /* HttpHelper.swift */ = {isa = PBXFileReference; lastKnownFileType = sourcecode.swift; path = HttpHelper.swift; sourceTree = "<group>"; };
		14FE09CD209470180020C942 /* JsonHelper.swift */ = {isa = PBXFileReference; lastKnownFileType = sourcecode.swift; path = JsonHelper.swift; sourceTree = "<group>"; };
/* End PBXFileReference section */

/* Begin PBXFrameworksBuildPhase section */
		141F2BC6207F504E00DC01CB /* Frameworks */ = {
			isa = PBXFrameworksBuildPhase;
			buildActionMask = 2147483647;
			files = (
			);
			runOnlyForDeploymentPostprocessing = 0;
		};
/* End PBXFrameworksBuildPhase section */

/* Begin PBXGroup section */
		141F2BC0207F504E00DC01CB = {
			isa = PBXGroup;
			children = (
				141F2BCB207F504E00DC01CB /* satoshi */,
				141F2BCA207F504E00DC01CB /* Products */,
			);
			sourceTree = "<group>";
		};
		141F2BCA207F504E00DC01CB /* Products */ = {
			isa = PBXGroup;
			children = (
				141F2BC9207F504E00DC01CB /* satoshi.app */,
			);
			name = Products;
			sourceTree = "<group>";
		};
		141F2BCB207F504E00DC01CB /* satoshi */ = {
			isa = PBXGroup;
			children = (
				141F2BCC207F504E00DC01CB /* AppDelegate.swift */,
				14D8FE41208A0546000BB672 /* MyApp.swift */,
				14FE09CF209470760020C942 /* Helper */,
				147D7BCC208722F800C43240 /* Protocol */,
				14F7114020872153000A556D /* Custom */,
				14F7113F208720E7000A556D /* Storyboard */,
				14F7113E208720B0000A556D /* Tool */,
				14F7113C20872079000A556D /* Controller */,
				14FE09C920944D7A0020C942 /* Assets.xcassets */,
				141F2BD8207F505700DC01CB /* Info.plist */,
				14FE0993208D86800020C942 /* Localizable.strings */,
			);
			path = satoshi;
			sourceTree = "<group>";
		};
		147D7BCC208722F800C43240 /* Protocol */ = {
			isa = PBXGroup;
			children = (
				147D7BCD2087231C00C43240 /* ProtocolUser.swift */,
			);
			name = Protocol;
			sourceTree = "<group>";
		};
		14F7113C20872079000A556D /* Controller */ = {
			isa = PBXGroup;
			children = (
				141F2BCE207F504E00DC01CB /* MainViewController.swift */,
				141F2C2920805D7B00DC01CB /* HomeViewController.swift */,
				141F2C2B20805D9500DC01CB /* CategoryViewController.swift */,
				141F2C2D20805DA500DC01CB /* CartViewController.swift */,
				141F2C2F20805DAF00DC01CB /* MineViewController.swift */,
				14F7113920870864000A556D /* LoginViewController.swift */,
				14D8FE1720885925000BB672 /* RegisterViewController.swift */,
				14D8FE1C20887D24000BB672 /* ProtocolViewController.swift */,
				14D8FE242088812E000BB672 /* ForgotViewController.swift */,
				14FE0998208DCD910020C942 /* AboutViewController.swift */,
				14FE099D208DE01D0020C942 /* WebsiteViewController.swift */,
			);
			name = Controller;
			sourceTree = "<group>";
		};
		14F7113E208720B0000A556D /* Tool */ = {
			isa = PBXGroup;
			children = (
				14D3714C2084B3C20012670F /* Utility.swift */,
			);
			name = Tool;
			sourceTree = "<group>";
		};
		14F7113F208720E7000A556D /* Storyboard */ = {
			isa = PBXGroup;
			children = (
				141F2BD5207F505700DC01CB /* LaunchScreen.storyboard */,
				141F2BD0207F504E00DC01CB /* Main.storyboard */,
				14F711362086F68B000A556D /* Login.storyboard */,
				14D8FE1420885909000BB672 /* Register.storyboard */,
				14D8FE1920887BE7000BB672 /* Protocol.storyboard */,
				14D8FE2120888112000BB672 /* Forgot.storyboard */,
				14FE0995208DBCF10020C942 /* About.storyboard */,
			);
			name = Storyboard;
			sourceTree = "<group>";
		};
		14F7114020872153000A556D /* Custom */ = {
			isa = PBXGroup;
			children = (
				14DA99E12080AFEC00D3BDDD /* AutoPageScroll.swift */,
			);
			name = Custom;
			sourceTree = "<group>";
		};
		14FE09CF209470760020C942 /* Helper */ = {
			isa = PBXGroup;
			children = (
				14FE09CB20946EE70020C942 /* HttpHelper.swift */,
				14FE09CD209470180020C942 /* JsonHelper.swift */,
			);
			name = Helper;
			sourceTree = "<group>";
		};
/* End PBXGroup section */

/* Begin PBXNativeTarget section */
		141F2BC8207F504E00DC01CB /* satoshi */ = {
			isa = PBXNativeTarget;
			buildConfigurationList = 141F2BDB207F505700DC01CB /* Build configuration list for PBXNativeTarget "satoshi" */;
			buildPhases = (
				141F2BC5207F504E00DC01CB /* Sources */,
				141F2BC6207F504E00DC01CB /* Frameworks */,
				141F2BC7207F504E00DC01CB /* Resources */,
			);
			buildRules = (
			);
			dependencies = (
			);
			name = satoshi;
			productName = satoshi;
			productReference = 141F2BC9207F504E00DC01CB /* satoshi.app */;
			productType = "com.apple.product-type.application";
		};
/* End PBXNativeTarget section */

/* Begin PBXProject section */
		141F2BC1207F504E00DC01CB /* Project object */ = {
			isa = PBXProject;
			attributes = {
				LastSwiftUpdateCheck = 0930;
				LastUpgradeCheck = 0930;
				ORGANIZATIONNAME = xy;
				TargetAttributes = {
					141F2BC8207F504E00DC01CB = {
						CreatedOnToolsVersion = 9.3;
					};
				};
			};
			buildConfigurationList = 141F2BC4207F504E00DC01CB /* Build configuration list for PBXProject "satoshi" */;
			compatibilityVersion = "Xcode 9.3";
			developmentRegion = en;
			hasScannedForEncodings = 0;
			knownRegions = (
				en,
				Base,
			);
			mainGroup = 141F2BC0207F504E00DC01CB;
			productRefGroup = 141F2BCA207F504E00DC01CB /* Products */;
			projectDirPath = "";
			projectRoot = "";
			targets = (
				141F2BC8207F504E00DC01CB /* satoshi */,
			);
		};
/* End PBXProject section */

/* Begin PBXResourcesBuildPhase section */
		141F2BC7207F504E00DC01CB /* Resources */ = {
			isa = PBXResourcesBuildPhase;
			buildActionMask = 2147483647;
			files = (
				14D8FE1B20887BE7000BB672 /* Protocol.storyboard in Resources */,
				14F711382086F68B000A556D /* Login.storyboard in Resources */,
				141F2BD7207F505700DC01CB /* LaunchScreen.storyboard in Resources */,
				141F2BD2207F504E00DC01CB /* Main.storyboard in Resources */,
				14FE0997208DBCF10020C942 /* About.storyboard in Resources */,
				14FE0991208D86800020C942 /* Localizable.strings in Resources */,
				14D8FE2320888113000BB672 /* Forgot.storyboard in Resources */,
				14FE09CA20944D7A0020C942 /* Assets.xcassets in Resources */,
				14D8FE1620885909000BB672 /* Register.storyboard in Resources */,
			);
			runOnlyForDeploymentPostprocessing = 0;
		};
/* End PBXResourcesBuildPhase section */

/* Begin PBXSourcesBuildPhase section */
		141F2BC5207F504E00DC01CB /* Sources */ = {
			isa = PBXSourcesBuildPhase;
			buildActionMask = 2147483647;
			files = (
				14F7113A20870864000A556D /* LoginViewController.swift in Sources */,
				14D8FE1820885925000BB672 /* RegisterViewController.swift in Sources */,
				141F2C2C20805D9500DC01CB /* CategoryViewController.swift in Sources */,
				14FE0999208DCD910020C942 /* AboutViewController.swift in Sources */,
				14D8FE252088812E000BB672 /* ForgotViewController.swift in Sources */,
				141F2BCF207F504E00DC01CB /* MainViewController.swift in Sources */,
				14D8FE1D20887D24000BB672 /* ProtocolViewController.swift in Sources */,
				14DA99E22080AFEC00D3BDDD /* AutoPageScroll.swift in Sources */,
				14FE099E208DE01D0020C942 /* WebsiteViewController.swift in Sources */,
				14FE09CE209470180020C942 /* JsonHelper.swift in Sources */,
				147D7BCE2087231C00C43240 /* ProtocolUser.swift in Sources */,
				14D8FE42208A0546000BB672 /* MyApp.swift in Sources */,
				141F2BCD207F504E00DC01CB /* AppDelegate.swift in Sources */,
				14D3714D2084B3C20012670F /* Utility.swift in Sources */,
				141F2C2A20805D7B00DC01CB /* HomeViewController.swift in Sources */,
				141F2C2E20805DA500DC01CB /* CartViewController.swift in Sources */,
				14FE09CC20946EE70020C942 /* HttpHelper.swift in Sources */,
				141F2C3020805DAF00DC01CB /* MineViewController.swift in Sources */,
			);
			runOnlyForDeploymentPostprocessing = 0;
		};
/* End PBXSourcesBuildPhase section */

/* Begin PBXVariantGroup section */
		141F2BD0207F504E00DC01CB /* Main.storyboard */ = {
			isa = PBXVariantGroup;
			children = (
				141F2BD1207F504E00DC01CB /* Base */,
				14FE098A208D85C10020C942 /* zh-Hant */,
			);
			name = Main.storyboard;
			sourceTree = "<group>";
		};
		141F2BD5207F505700DC01CB /* LaunchScreen.storyboard */ = {
			isa = PBXVariantGroup;
			children = (
				141F2BD6207F505700DC01CB /* Base */,
				14FE0989208D85C10020C942 /* zh-Hant */,
			);
			name = LaunchScreen.storyboard;
			sourceTree = "<group>";
		};
		14D8FE1420885909000BB672 /* Register.storyboard */ = {
			isa = PBXVariantGroup;
			children = (
				14D8FE1520885909000BB672 /* Base */,
				14FE098C208D85C20020C942 /* zh-Hant */,
			);
			name = Register.storyboard;
			sourceTree = "<group>";
		};
		14D8FE1920887BE7000BB672 /* Protocol.storyboard */ = {
			isa = PBXVariantGroup;
			children = (
				14D8FE1A20887BE7000BB672 /* Base */,
				14FE098D208D85C20020C942 /* zh-Hant */,
			);
			name = Protocol.storyboard;
			sourceTree = "<group>";
		};
		14D8FE2120888112000BB672 /* Forgot.storyboard */ = {
			isa = PBXVariantGroup;
			children = (
				14D8FE2220888112000BB672 /* Base */,
				14FE098E208D85C20020C942 /* zh-Hant */,
			);
			name = Forgot.storyboard;
			sourceTree = "<group>";
		};
		14F711362086F68B000A556D /* Login.storyboard */ = {
			isa = PBXVariantGroup;
			children = (
				14F711372086F68B000A556D /* Base */,
				14FE098B208D85C10020C942 /* zh-Hant */,
			);
			name = Login.storyboard;
			sourceTree = "<group>";
		};
		14FE0993208D86800020C942 /* Localizable.strings */ = {
			isa = PBXVariantGroup;
			children = (
				14FE0994208D87CA0020C942 /* Base */,
			);
			name = Localizable.strings;
			sourceTree = "<group>";
		};
		14FE0995208DBCF10020C942 /* About.storyboard */ = {
			isa = PBXVariantGroup;
			children = (
				14FE0996208DBCF10020C942 /* Base */,
			);
			name = About.storyboard;
			sourceTree = "<group>";
		};
/* End PBXVariantGroup section */

/* Begin XCBuildConfiguration section */
		141F2BD9207F505700DC01CB /* Debug */ = {
			isa = XCBuildConfiguration;
			buildSettings = {
				ALWAYS_SEARCH_USER_PATHS = NO;
				CLANG_ANALYZER_LOCALIZABILITY_NONLOCALIZED = YES;
				CLANG_ANALYZER_NONNULL = YES;
				CLANG_ANALYZER_NUMBER_OBJECT_CONVERSION = YES_AGGRESSIVE;
				CLANG_CXX_LANGUAGE_STANDARD = "gnu++14";
				CLANG_CXX_LIBRARY = "libc++";
				CLANG_ENABLE_MODULES = YES;
				CLANG_ENABLE_OBJC_ARC = YES;
				CLANG_ENABLE_OBJC_WEAK = YES;
				CLANG_WARN_BLOCK_CAPTURE_AUTORELEASING = YES;
				CLANG_WARN_BOOL_CONVERSION = YES;
				CLANG_WARN_COMMA = YES;
				CLANG_WARN_CONSTANT_CONVERSION = YES;
				CLANG_WARN_DEPRECATED_OBJC_IMPLEMENTATIONS = YES;
				CLANG_WARN_DIRECT_OBJC_ISA_USAGE = YES_ERROR;
				CLANG_WARN_DOCUMENTATION_COMMENTS = YES;
				CLANG_WARN_EMPTY_BODY = YES;
				CLANG_WARN_ENUM_CONVERSION = YES;
				CLANG_WARN_INFINITE_RECURSION = YES;
				CLANG_WARN_INT_CONVERSION = YES;
				CLANG_WARN_NON_LITERAL_NULL_CONVERSION = YES;
				CLANG_WARN_OBJC_IMPLICIT_RETAIN_SELF = YES;
				CLANG_WARN_OBJC_LITERAL_CONVERSION = YES;
				CLANG_WARN_OBJC_ROOT_CLASS = YES_ERROR;
				CLANG_WARN_RANGE_LOOP_ANALYSIS = YES;
				CLANG_WARN_STRICT_PROTOTYPES = YES;
				CLANG_WARN_SUSPICIOUS_MOVE = YES;
				CLANG_WARN_UNGUARDED_AVAILABILITY = YES_AGGRESSIVE;
				CLANG_WARN_UNREACHABLE_CODE = YES;
				CLANG_WARN__DUPLICATE_METHOD_MATCH = YES;
				CODE_SIGN_IDENTITY = "iPhone Developer";
				COPY_PHASE_STRIP = NO;
				DEBUG_INFORMATION_FORMAT = dwarf;
				ENABLE_STRICT_OBJC_MSGSEND = YES;
				ENABLE_TESTABILITY = YES;
				GCC_C_LANGUAGE_STANDARD = gnu11;
				GCC_DYNAMIC_NO_PIC = NO;
				GCC_NO_COMMON_BLOCKS = YES;
				GCC_OPTIMIZATION_LEVEL = 0;
				GCC_PREPROCESSOR_DEFINITIONS = (
					"DEBUG=1",
					"$(inherited)",
				);
				GCC_WARN_64_TO_32_BIT_CONVERSION = YES;
				GCC_WARN_ABOUT_RETURN_TYPE = YES_ERROR;
				GCC_WARN_UNDECLARED_SELECTOR = YES;
				GCC_WARN_UNINITIALIZED_AUTOS = YES_AGGRESSIVE;
				GCC_WARN_UNUSED_FUNCTION = YES;
				GCC_WARN_UNUSED_VARIABLE = YES;
				IPHONEOS_DEPLOYMENT_TARGET = 11.3;
				MTL_ENABLE_DEBUG_INFO = YES;
				ONLY_ACTIVE_ARCH = YES;
				SDKROOT = iphoneos;
				SWIFT_ACTIVE_COMPILATION_CONDITIONS = DEBUG;
				SWIFT_OPTIMIZATION_LEVEL = "-Onone";
			};
			name = Debug;
		};
		141F2BDA207F505700DC01CB /* Release */ = {
			isa = XCBuildConfiguration;
			buildSettings = {
				ALWAYS_SEARCH_USER_PATHS = NO;
				CLANG_ANALYZER_LOCALIZABILITY_NONLOCALIZED = YES;
				CLANG_ANALYZER_NONNULL = YES;
				CLANG_ANALYZER_NUMBER_OBJECT_CONVERSION = YES_AGGRESSIVE;
				CLANG_CXX_LANGUAGE_STANDARD = "gnu++14";
				CLANG_CXX_LIBRARY = "libc++";
				CLANG_ENABLE_MODULES = YES;
				CLANG_ENABLE_OBJC_ARC = YES;
				CLANG_ENABLE_OBJC_WEAK = YES;
				CLANG_WARN_BLOCK_CAPTURE_AUTORELEASING = YES;
				CLANG_WARN_BOOL_CONVERSION = YES;
				CLANG_WARN_COMMA = YES;
				CLANG_WARN_CONSTANT_CONVERSION = YES;
				CLANG_WARN_DEPRECATED_OBJC_IMPLEMENTATIONS = YES;
				CLANG_WARN_DIRECT_OBJC_ISA_USAGE = YES_ERROR;
				CLANG_WARN_DOCUMENTATION_COMMENTS = YES;
				CLANG_WARN_EMPTY_BODY = YES;
				CLANG_WARN_ENUM_CONVERSION = YES;
				CLANG_WARN_INFINITE_RECURSION = YES;
				CLANG_WARN_INT_CONVERSION = YES;
				CLANG_WARN_NON_LITERAL_NULL_CONVERSION = YES;
				CLANG_WARN_OBJC_IMPLICIT_RETAIN_SELF = YES;
				CLANG_WARN_OBJC_LITERAL_CONVERSION = YES;
				CLANG_WARN_OBJC_ROOT_CLASS = YES_ERROR;
				CLANG_WARN_RANGE_LOOP_ANALYSIS = YES;
				CLANG_WARN_STRICT_PROTOTYPES = YES;
				CLANG_WARN_SUSPICIOUS_MOVE = YES;
				CLANG_WARN_UNGUARDED_AVAILABILITY = YES_AGGRESSIVE;
				CLANG_WARN_UNREACHABLE_CODE = YES;
				CLANG_WARN__DUPLICATE_METHOD_MATCH = YES;
				CODE_SIGN_IDENTITY = "iPhone Developer";
				COPY_PHASE_STRIP = NO;
				DEBUG_INFORMATION_FORMAT = "dwarf-with-dsym";
				ENABLE_NS_ASSERTIONS = NO;
				ENABLE_STRICT_OBJC_MSGSEND = YES;
				GCC_C_LANGUAGE_STANDARD = gnu11;
				GCC_NO_COMMON_BLOCKS = YES;
				GCC_WARN_64_TO_32_BIT_CONVERSION = YES;
				GCC_WARN_ABOUT_RETURN_TYPE = YES_ERROR;
				GCC_WARN_UNDECLARED_SELECTOR = YES;
				GCC_WARN_UNINITIALIZED_AUTOS = YES_AGGRESSIVE;
				GCC_WARN_UNUSED_FUNCTION = YES;
				GCC_WARN_UNUSED_VARIABLE = YES;
				IPHONEOS_DEPLOYMENT_TARGET = 11.3;
				MTL_ENABLE_DEBUG_INFO = NO;
				SDKROOT = iphoneos;
				SWIFT_COMPILATION_MODE = wholemodule;
				SWIFT_OPTIMIZATION_LEVEL = "-O";
				VALIDATE_PRODUCT = YES;
			};
			name = Release;
		};
		141F2BDC207F505700DC01CB /* Debug */ = {
			isa = XCBuildConfiguration;
			buildSettings = {
				ASSETCATALOG_COMPILER_APPICON_NAME = AppIcon;
				CODE_SIGN_STYLE = Automatic;
				DEVELOPMENT_TEAM = P5QERNN666;
				INFOPLIST_FILE = satoshi/Info.plist;
				IPHONEOS_DEPLOYMENT_TARGET = 9.0;
				LD_RUNPATH_SEARCH_PATHS = (
					"$(inherited)",
					"@executable_path/Frameworks",
				);
				PRODUCT_BUNDLE_IDENTIFIER = com.gogowifi.satoshi;
				PRODUCT_NAME = "$(TARGET_NAME)";
				SWIFT_VERSION = 4.0;
				TARGETED_DEVICE_FAMILY = "1,2";
			};
			name = Debug;
		};
		141F2BDD207F505700DC01CB /* Release */ = {
			isa = XCBuildConfiguration;
			buildSettings = {
				ASSETCATALOG_COMPILER_APPICON_NAME = AppIcon;
				CODE_SIGN_STYLE = Automatic;
				DEVELOPMENT_TEAM = P5QERNN666;
				INFOPLIST_FILE = satoshi/Info.plist;
				IPHONEOS_DEPLOYMENT_TARGET = 9.0;
				LD_RUNPATH_SEARCH_PATHS = (
					"$(inherited)",
					"@executable_path/Frameworks",
				);
				PRODUCT_BUNDLE_IDENTIFIER = com.gogowifi.satoshi;
				PRODUCT_NAME = "$(TARGET_NAME)";
				SWIFT_VERSION = 4.0;
				TARGETED_DEVICE_FAMILY = "1,2";
			};
			name = Release;
		};
/* End XCBuildConfiguration section */

/* Begin XCConfigurationList section */
		141F2BC4207F504E00DC01CB /* Build configuration list for PBXProject "satoshi" */ = {
			isa = XCConfigurationList;
			buildConfigurations = (
				141F2BD9207F505700DC01CB /* Debug */,
				141F2BDA207F505700DC01CB /* Release */,
			);
			defaultConfigurationIsVisible = 0;
			defaultConfigurationName = Release;
		};
		141F2BDB207F505700DC01CB /* Build configuration list for PBXNativeTarget "satoshi" */ = {
			isa = XCConfigurationList;
			buildConfigurations = (
				141F2BDC207F505700DC01CB /* Debug */,
				141F2BDD207F505700DC01CB /* Release */,
			);
			defaultConfigurationIsVisible = 0;
			defaultConfigurationName = Release;
		};
/* End XCConfigurationList section */
	};
	rootObject = 141F2BC1207F504E00DC01CB /* Project object */;
}
