// !$*UTF8*$!
{
	archiveVersion = 1;
	classes = {
	};
	objectVersion = 50;
	objects = {

/* Begin PBXBuildFile section */
		141F2BCD207F504E00DC01CB /* AppDelegate.swift in Sources */ = {isa = PBXBuildFile; fileRef = 141F2BCC207F504E00DC01CB /* AppDelegate.swift */; };
		141F2BCF207F504E00DC01CB /* ViewController.swift in Sources */ = {isa = PBXBuildFile; fileRef = 141F2BCE207F504E00DC01CB /* ViewController.swift */; };
		141F2BD2207F504E00DC01CB /* Main.storyboard in Resources */ = {isa = PBXBuildFile; fileRef = 141F2BD0207F504E00DC01CB /* Main.storyboard */; };
		141F2BD4207F505700DC01CB /* Assets.xcassets in Resources */ = {isa = PBXBuildFile; fileRef = 141F2BD3207F505700DC01CB /* Assets.xcassets */; };
		141F2BD7207F505700DC01CB /* LaunchScreen.storyboard in Resources */ = {isa = PBXBuildFile; fileRef = 141F2BD5207F505700DC01CB /* LaunchScreen.storyboard */; };
		141F2C2A20805D7B00DC01CB /* HomeViewController.swift in Sources */ = {isa = PBXBuildFile; fileRef = 141F2C2920805D7B00DC01CB /* HomeViewController.swift */; };
		141F2C2C20805D9500DC01CB /* CategoryViewController.swift in Sources */ = {isa = PBXBuildFile; fileRef = 141F2C2B20805D9500DC01CB /* CategoryViewController.swift */; };
		141F2C2E20805DA500DC01CB /* ShoppingCartViewController.swift in Sources */ = {isa = PBXBuildFile; fileRef = 141F2C2D20805DA500DC01CB /* ShoppingCartViewController.swift */; };
		141F2C3020805DAF00DC01CB /* MineViewController.swift in Sources */ = {isa = PBXBuildFile; fileRef = 141F2C2F20805DAF00DC01CB /* MineViewController.swift */; };
		14DA99E22080AFEC00D3BDDD /* AutoPageScroll.swift in Sources */ = {isa = PBXBuildFile; fileRef = 14DA99E12080AFEC00D3BDDD /* AutoPageScroll.swift */; };
/* End PBXBuildFile section */

/* Begin PBXFileReference section */
		141F2BC9207F504E00DC01CB /* satoshi.app */ = {isa = PBXFileReference; explicitFileType = wrapper.application; includeInIndex = 0; path = satoshi.app; sourceTree = BUILT_PRODUCTS_DIR; };
		141F2BCC207F504E00DC01CB /* AppDelegate.swift */ = {isa = PBXFileReference; lastKnownFileType = sourcecode.swift; path = AppDelegate.swift; sourceTree = "<group>"; };
		141F2BCE207F504E00DC01CB /* ViewController.swift */ = {isa = PBXFileReference; lastKnownFileType = sourcecode.swift; path = ViewController.swift; sourceTree = "<group>"; };
		141F2BD1207F504E00DC01CB /* Base */ = {isa = PBXFileReference; lastKnownFileType = file.storyboard; name = Base; path = Base.lproj/Main.storyboard; sourceTree = "<group>"; };
		141F2BD3207F505700DC01CB /* Assets.xcassets */ = {isa = PBXFileReference; lastKnownFileType = folder.assetcatalog; path = Assets.xcassets; sourceTree = "<group>"; };
		141F2BD6207F505700DC01CB /* Base */ = {isa = PBXFileReference; lastKnownFileType = file.storyboard; name = Base; path = Base.lproj/LaunchScreen.storyboard; sourceTree = "<group>"; };
		141F2BD8207F505700DC01CB /* Info.plist */ = {isa = PBXFileReference; lastKnownFileType = text.plist.xml; path = Info.plist; sourceTree = "<group>"; };
		141F2C2920805D7B00DC01CB /* HomeViewController.swift */ = {isa = PBXFileReference; lastKnownFileType = sourcecode.swift; path = HomeViewController.swift; sourceTree = "<group>"; };
		141F2C2B20805D9500DC01CB /* CategoryViewController.swift */ = {isa = PBXFileReference; lastKnownFileType = sourcecode.swift; path = CategoryViewController.swift; sourceTree = "<group>"; };
		141F2C2D20805DA500DC01CB /* ShoppingCartViewController.swift */ = {isa = PBXFileReference; lastKnownFileType = sourcecode.swift; path = ShoppingCartViewController.swift; sourceTree = "<group>"; };
		141F2C2F20805DAF00DC01CB /* MineViewController.swift */ = {isa = PBXFileReference; lastKnownFileType = sourcecode.swift; path = MineViewController.swift; sourceTree = "<group>"; };
		14DA99E12080AFEC00D3BDDD /* AutoPageScroll.swift */ = {isa = PBXFileReference; lastKnownFileType = sourcecode.swift; path = AutoPageScroll.swift; sourceTree = "<group>"; };
/* End PBXFileReference section */

/* Begin PBXFrameworksBuildPhase section */
		141F2BC6207F504E00DC01CB /* Frameworks */ = {
			isa = PBXFrameworksBuildPhase;
			buildActionMask = 2147483647;
			files = (
			);
			runOnlyForDeploymentPostprocessing = 0;
		};
/* End PBXFrameworksBuildPhase section */

/* Begin PBXGroup section */
		14139F0520807A6300428E1E /* Resources */ = {
			isa = PBXGroup;
			children = (
			);
			path = Resources;
			sourceTree = "<group>";
		};
		141F2BC0207F504E00DC01CB = {
			isa = PBXGroup;
			children = (
				141F2BCB207F504E00DC01CB /* satoshi */,
				141F2BCA207F504E00DC01CB /* Products */,
			);
			sourceTree = "<group>";
		};
		141F2BCA207F504E00DC01CB /* Products */ = {
			isa = PBXGroup;
			children = (
				141F2BC9207F504E00DC01CB /* satoshi.app */,
			);
			name = Products;
			sourceTree = "<group>";
		};
		141F2BCB207F504E00DC01CB /* satoshi */ = {
			isa = PBXGroup;
			children = (
				141F2BCC207F504E00DC01CB /* AppDelegate.swift */,
				141F2BCE207F504E00DC01CB /* ViewController.swift */,
				141F2C2920805D7B00DC01CB /* HomeViewController.swift */,
				141F2C2B20805D9500DC01CB /* CategoryViewController.swift */,
				141F2C2D20805DA500DC01CB /* ShoppingCartViewController.swift */,
				141F2C2F20805DAF00DC01CB /* MineViewController.swift */,
				14DA99E12080AFEC00D3BDDD /* AutoPageScroll.swift */,
				141F2BD0207F504E00DC01CB /* Main.storyboard */,
				141F2BD3207F505700DC01CB /* Assets.xcassets */,
				141F2BD5207F505700DC01CB /* LaunchScreen.storyboard */,
				141F2BD8207F505700DC01CB /* Info.plist */,
				14139F0520807A6300428E1E /* Resources */,
			);
			path = satoshi;
			sourceTree = "<group>";
		};
/* End PBXGroup section */

/* Begin PBXNativeTarget section */
		141F2BC8207F504E00DC01CB /* satoshi */ = {
			isa = PBXNativeTarget;
			buildConfigurationList = 141F2BDB207F505700DC01CB /* Build configuration list for PBXNativeTarget "satoshi" */;
			buildPhases = (
				141F2BC5207F504E00DC01CB /* Sources */,
				141F2BC6207F504E00DC01CB /* Frameworks */,
				141F2BC7207F504E00DC01CB /* Resources */,
			);
			buildRules = (
			);
			dependencies = (
			);
			name = satoshi;
			productName = satoshi;
			productReference = 141F2BC9207F504E00DC01CB /* satoshi.app */;
			productType = "com.apple.product-type.application";
		};
/* End PBXNativeTarget section */

/* Begin PBXProject section */
		141F2BC1207F504E00DC01CB /* Project object */ = {
			isa = PBXProject;
			attributes = {
				LastSwiftUpdateCheck = 0930;
				LastUpgradeCheck = 0930;
				ORGANIZATIONNAME = xy;
				TargetAttributes = {
					141F2BC8207F504E00DC01CB = {
						CreatedOnToolsVersion = 9.3;
					};
				};
			};
			buildConfigurationList = 141F2BC4207F504E00DC01CB /* Build configuration list for PBXProject "satoshi" */;
			compatibilityVersion = "Xcode 9.3";
			developmentRegion = en;
			hasScannedForEncodings = 0;
			knownRegions = (
				en,
				Base,
			);
			mainGroup = 141F2BC0207F504E00DC01CB;
			productRefGroup = 141F2BCA207F504E00DC01CB /* Products */;
			projectDirPath = "";
			projectRoot = "";
			targets = (
				141F2BC8207F504E00DC01CB /* satoshi */,
			);
		};
/* End PBXProject section */

/* Begin PBXResourcesBuildPhase section */
		141F2BC7207F504E00DC01CB /* Resources */ = {
			isa = PBXResourcesBuildPhase;
			buildActionMask = 2147483647;
			files = (
				141F2BD7207F505700DC01CB /* LaunchScreen.storyboard in Resources */,
				141F2BD4207F505700DC01CB /* Assets.xcassets in Resources */,
				141F2BD2207F504E00DC01CB /* Main.storyboard in Resources */,
			);
			runOnlyForDeploymentPostprocessing = 0;
		};
/* End PBXResourcesBuildPhase section */

/* Begin PBXSourcesBuildPhase section */
		141F2BC5207F504E00DC01CB /* Sources */ = {
			isa = PBXSourcesBuildPhase;
			buildActionMask = 2147483647;
			files = (
				141F2C2C20805D9500DC01CB /* CategoryViewController.swift in Sources */,
				141F2BCF207F504E00DC01CB /* ViewController.swift in Sources */,
				14DA99E22080AFEC00D3BDDD /* AutoPageScroll.swift in Sources */,
				141F2BCD207F504E00DC01CB /* AppDelegate.swift in Sources */,
				141F2C2A20805D7B00DC01CB /* HomeViewController.swift in Sources */,
				141F2C2E20805DA500DC01CB /* ShoppingCartViewController.swift in Sources */,
				141F2C3020805DAF00DC01CB /* MineViewController.swift in Sources */,
			);
			runOnlyForDeploymentPostprocessing = 0;
		};
/* End PBXSourcesBuildPhase section */

/* Begin PBXVariantGroup section */
		141F2BD0207F504E00DC01CB /* Main.storyboard */ = {
			isa = PBXVariantGroup;
			children = (
				141F2BD1207F504E00DC01CB /* Base */,
			);
			name = Main.storyboard;
			sourceTree = "<group>";
		};
		141F2BD5207F505700DC01CB /* LaunchScreen.storyboard */ = {
			isa = PBXVariantGroup;
			children = (
				141F2BD6207F505700DC01CB /* Base */,
			);
			name = LaunchScreen.storyboard;
			sourceTree = "<group>";
		};
/* End PBXVariantGroup section */

/* Begin XCBuildConfiguration section */
		141F2BD9207F505700DC01CB /* Debug */ = {
			isa = XCBuildConfiguration;
			buildSettings = {
				ALWAYS_SEARCH_USER_PATHS = NO;
				CLANG_ANALYZER_NONNULL = YES;
				CLANG_ANALYZER_NUMBER_OBJECT_CONVERSION = YES_AGGRESSIVE;
				CLANG_CXX_LANGUAGE_STANDARD = "gnu++14";
				CLANG_CXX_LIBRARY = "libc++";
				CLANG_ENABLE_MODULES = YES;
				CLANG_ENABLE_OBJC_ARC = YES;
				CLANG_ENABLE_OBJC_WEAK = YES;
				CLANG_WARN_BLOCK_CAPTURE_AUTORELEASING = YES;
				CLANG_WARN_BOOL_CONVERSION = YES;
				CLANG_WARN_COMMA = YES;
				CLANG_WARN_CONSTANT_CONVERSION = YES;
				CLANG_WARN_DEPRECATED_OBJC_IMPLEMENTATIONS = YES;
				CLANG_WARN_DIRECT_OBJC_ISA_USAGE = YES_ERROR;
				CLANG_WARN_DOCUMENTATION_COMMENTS = YES;
				CLANG_WARN_EMPTY_BODY = YES;
				CLANG_WARN_ENUM_CONVERSION = YES;
				CLANG_WARN_INFINITE_RECURSION = YES;
				CLANG_WARN_INT_CONVERSION = YES;
				CLANG_WARN_NON_LITERAL_NULL_CONVERSION = YES;
				CLANG_WARN_OBJC_IMPLICIT_RETAIN_SELF = YES;
				CLANG_WARN_OBJC_LITERAL_CONVERSION = YES;
				CLANG_WARN_OBJC_ROOT_CLASS = YES_ERROR;
				CLANG_WARN_RANGE_LOOP_ANALYSIS = YES;
				CLANG_WARN_STRICT_PROTOTYPES = YES;
				CLANG_WARN_SUSPICIOUS_MOVE = YES;
				CLANG_WARN_UNGUARDED_AVAILABILITY = YES_AGGRESSIVE;
				CLANG_WARN_UNREACHABLE_CODE = YES;
				CLANG_WARN__DUPLICATE_METHOD_MATCH = YES;
				CODE_SIGN_IDENTITY = "iPhone Developer";
				COPY_PHASE_STRIP = NO;
				DEBUG_INFORMATION_FORMAT = dwarf;
				ENABLE_STRICT_OBJC_MSGSEND = YES;
				ENABLE_TESTABILITY = YES;
				GCC_C_LANGUAGE_STANDARD = gnu11;
				GCC_DYNAMIC_NO_PIC = NO;
				GCC_NO_COMMON_BLOCKS = YES;
				GCC_OPTIMIZATION_LEVEL = 0;
				GCC_PREPROCESSOR_DEFINITIONS = (
					"DEBUG=1",
					"$(inherited)",
				);
				GCC_WARN_64_TO_32_BIT_CONVERSION = YES;
				GCC_WARN_ABOUT_RETURN_TYPE = YES_ERROR;
				GCC_WARN_UNDECLARED_SELECTOR = YES;
				GCC_WARN_UNINITIALIZED_AUTOS = YES_AGGRESSIVE;
				GCC_WARN_UNUSED_FUNCTION = YES;
				GCC_WARN_UNUSED_VARIABLE = YES;
				IPHONEOS_DEPLOYMENT_TARGET = 11.3;
				MTL_ENABLE_DEBUG_INFO = YES;
				ONLY_ACTIVE_ARCH = YES;
				SDKROOT = iphoneos;
				SWIFT_ACTIVE_COMPILATION_CONDITIONS = DEBUG;
				SWIFT_OPTIMIZATION_LEVEL = "-Onone";
			};
			name = Debug;
		};
		141F2BDA207F505700DC01CB /* Release */ = {
			isa = XCBuildConfiguration;
			buildSettings = {
				ALWAYS_SEARCH_USER_PATHS = NO;
				CLANG_ANALYZER_NONNULL = YES;
				CLANG_ANALYZER_NUMBER_OBJECT_CONVERSION = YES_AGGRESSIVE;
				CLANG_CXX_LANGUAGE_STANDARD = "gnu++14";
				CLANG_CXX_LIBRARY = "libc++";
				CLANG_ENABLE_MODULES = YES;
				CLANG_ENABLE_OBJC_ARC = YES;
				CLANG_ENABLE_OBJC_WEAK = YES;
				CLANG_WARN_BLOCK_CAPTURE_AUTORELEASING = YES;
				CLANG_WARN_BOOL_CONVERSION = YES;
				CLANG_WARN_COMMA = YES;
				CLANG_WARN_CONSTANT_CONVERSION = YES;
				CLANG_WARN_DEPRECATED_OBJC_IMPLEMENTATIONS = YES;
				CLANG_WARN_DIRECT_OBJC_ISA_USAGE = YES_ERROR;
				CLANG_WARN_DOCUMENTATION_COMMENTS = YES;
				CLANG_WARN_EMPTY_BODY = YES;
				CLANG_WARN_ENUM_CONVERSION = YES;
				CLANG_WARN_INFINITE_RECURSION = YES;
				CLANG_WARN_INT_CONVERSION = YES;
				CLANG_WARN_NON_LITERAL_NULL_CONVERSION = YES;
				CLANG_WARN_OBJC_IMPLICIT_RETAIN_SELF = YES;
				CLANG_WARN_OBJC_LITERAL_CONVERSION = YES;
				CLANG_WARN_OBJC_ROOT_CLASS = YES_ERROR;
				CLANG_WARN_RANGE_LOOP_ANALYSIS = YES;
				CLANG_WARN_STRICT_PROTOTYPES = YES;
				CLANG_WARN_SUSPICIOUS_MOVE = YES;
				CLANG_WARN_UNGUARDED_AVAILABILITY = YES_AGGRESSIVE;
				CLANG_WARN_UNREACHABLE_CODE = YES;
				CLANG_WARN__DUPLICATE_METHOD_MATCH = YES;
				CODE_SIGN_IDENTITY = "iPhone Developer";
				COPY_PHASE_STRIP = NO;
				DEBUG_INFORMATION_FORMAT = "dwarf-with-dsym";
				ENABLE_NS_ASSERTIONS = NO;
				ENABLE_STRICT_OBJC_MSGSEND = YES;
				GCC_C_LANGUAGE_STANDARD = gnu11;
				GCC_NO_COMMON_BLOCKS = YES;
				GCC_WARN_64_TO_32_BIT_CONVERSION = YES;
				GCC_WARN_ABOUT_RETURN_TYPE = YES_ERROR;
				GCC_WARN_UNDECLARED_SELECTOR = YES;
				GCC_WARN_UNINITIALIZED_AUTOS = YES_AGGRESSIVE;
				GCC_WARN_UNUSED_FUNCTION = YES;
				GCC_WARN_UNUSED_VARIABLE = YES;
				IPHONEOS_DEPLOYMENT_TARGET = 11.3;
				MTL_ENABLE_DEBUG_INFO = NO;
				SDKROOT = iphoneos;
				SWIFT_COMPILATION_MODE = wholemodule;
				SWIFT_OPTIMIZATION_LEVEL = "-O";
				VALIDATE_PRODUCT = YES;
			};
			name = Release;
		};
		141F2BDC207F505700DC01CB /* Debug */ = {
			isa = XCBuildConfiguration;
			buildSettings = {
				ASSETCATALOG_COMPILER_APPICON_NAME = AppIcon;
				CODE_SIGN_STYLE = Automatic;
				DEVELOPMENT_TEAM = P5QERNN666;
				INFOPLIST_FILE = satoshi/Info.plist;
				IPHONEOS_DEPLOYMENT_TARGET = 9.0;
				LD_RUNPATH_SEARCH_PATHS = (
					"$(inherited)",
					"@executable_path/Frameworks",
				);
				PRODUCT_BUNDLE_IDENTIFIER = com.gogowifi.satoshi;
				PRODUCT_NAME = "$(TARGET_NAME)";
				SWIFT_VERSION = 4.0;
				TARGETED_DEVICE_FAMILY = "1,2";
			};
			name = Debug;
		};
		141F2BDD207F505700DC01CB /* Release */ = {
			isa = XCBuildConfiguration;
			buildSettings = {
				ASSETCATALOG_COMPILER_APPICON_NAME = AppIcon;
				CODE_SIGN_STYLE = Automatic;
				DEVELOPMENT_TEAM = P5QERNN666;
				INFOPLIST_FILE = satoshi/Info.plist;
				IPHONEOS_DEPLOYMENT_TARGET = 9.0;
				LD_RUNPATH_SEARCH_PATHS = (
					"$(inherited)",
					"@executable_path/Frameworks",
				);
				PRODUCT_BUNDLE_IDENTIFIER = com.gogowifi.satoshi;
				PRODUCT_NAME = "$(TARGET_NAME)";
				SWIFT_VERSION = 4.0;
				TARGETED_DEVICE_FAMILY = "1,2";
			};
			name = Release;
		};
/* End XCBuildConfiguration section */

/* Begin XCConfigurationList section */
		141F2BC4207F504E00DC01CB /* Build configuration list for PBXProject "satoshi" */ = {
			isa = XCConfigurationList;
			buildConfigurations = (
				141F2BD9207F505700DC01CB /* Debug */,
				141F2BDA207F505700DC01CB /* Release */,
			);
			defaultConfigurationIsVisible = 0;
			defaultConfigurationName = Release;
		};
		141F2BDB207F505700DC01CB /* Build configuration list for PBXNativeTarget "satoshi" */ = {
			isa = XCConfigurationList;
			buildConfigurations = (
				141F2BDC207F505700DC01CB /* Debug */,
				141F2BDD207F505700DC01CB /* Release */,
			);
			defaultConfigurationIsVisible = 0;
			defaultConfigurationName = Release;
		};
/* End XCConfigurationList section */
	};
	rootObject = 141F2BC1207F504E00DC01CB /* Project object */;
}
